<?xml version="1.0" encoding="utf-8"?>
<Project ToolsVersion="4.0" xmlns="http://schemas.microsoft.com/developer/msbuild/2003">
  <ItemGroup>
    <Filter Include="Source Files">
      <UniqueIdentifier>{4FC737F1-C7A5-4376-A066-2A32D752A2FF}</UniqueIdentifier>
      <Extensions>cpp;c;cc;cxx;c++;cppm;ixx;def;odl;idl;hpj;bat;asm;asmx</Extensions>
    </Filter>
    <Filter Include="Header Files">
      <UniqueIdentifier>{93995380-89BD-4b04-88EB-625FBE52EBFB}</UniqueIdentifier>
      <Extensions>h;hh;hpp;hxx;h++;hm;inl;inc;ipp;xsd</Extensions>
    </Filter>
    <Filter Include="Resource Files">
      <UniqueIdentifier>{67DA6AB6-F800-4c08-8B7A-83BB121AAD01}</UniqueIdentifier>
      <Extensions>rc;ico;cur;bmp;dlg;rc2;rct;bin;rgs;gif;jpg;jpeg;jpe;resx;tiff;tif;png;wav;mfcribbon-ms</Extensions>
    </Filter>
    <Filter Include="Action">
      <UniqueIdentifier>{c5199944-32d0-470d-911d-ef794370b153}</UniqueIdentifier>
      <Extensions>act</Extensions>
    </Filter>
    <Filter Include="Grammar">
      <UniqueIdentifier>{d894a29e-3ebf-43b9-be58-cbaf53033548}</UniqueIdentifier>
      <Extensions>txt;gram</Extensions>
    </Filter>
    <Filter Include="Readme">
      <UniqueIdentifier>{75978b1d-1d29-491d-b1fa-78e0e644189f}</UniqueIdentifier>
      <Extensions>md</Extensions>
    </Filter>
  </ItemGroup>
  <ItemGroup>
    <ClCompile Include="Bin.cpp">
      <Filter>Source Files</Filter>
    </ClCompile>
    <ClCompile Include="Bucket.cpp">
      <Filter>Source Files</Filter>
    </ClCompile>
    <ClCompile Include="Lexer.cpp">
      <Filter>Source Files</Filter>
    </ClCompile>
    <ClCompile Include="Parser.cpp">
      <Filter>Source Files</Filter>
    </ClCompile>
    <ClCompile Include="Symbol.cpp">
      <Filter>Source Files</Filter>
    </ClCompile>
    <ClCompile Include="SymTab.cpp">
      <Filter>Source Files</Filter>
    </ClCompile>
    <ClCompile Include="AstNode.cpp">
      <Filter>Source Files</Filter>
    </ClCompile>
    <ClCompile Include="AstTree.cpp">
      <Filter>Source Files</Filter>
    </ClCompile>
    <ClCompile Include="ObjFormatCode.cpp">
      <Filter>Source Files</Filter>
    </ClCompile>
    <ClCompile Include="ObjFormatData.cpp">
      <Filter>Source Files</Filter>
    </ClCompile>
    <ClCompile Include="ObjFormatFile.cpp">
      <Filter>Source Files</Filter>
    </ClCompile>
    <ClCompile Include="ObjFormatRelocation.cpp">
      <Filter>Source Files</Filter>
    </ClCompile>
    <ClCompile Include="ObjFormatSection.cpp">
      <Filter>Source Files</Filter>
    </ClCompile>
    <ClCompile Include="ObjFormatSectionItem.cpp">
      <Filter>Source Files</Filter>
    </ClCompile>
    <ClCompile Include="ObjFormatSymbolItem.cpp">
      <Filter>Source Files</Filter>
    </ClCompile>
    <ClCompile Include="ObjFormatSymbols.cpp">
      <Filter>Source Files</Filter>
    </ClCompile>
    <ClCompile Include="Section.cpp">
      <Filter>Source Files</Filter>
    </ClCompile>
    <ClCompile Include="UnResolvedSymbol.cpp">
      <Filter>Source Files</Filter>
    </ClCompile>
    <ClCompile Include="WhereSymbolIsUsed.cpp">
      <Filter>Source Files</Filter>
    </ClCompile>
    <ClCompile Include="pch.cpp">
      <Filter>Source Files</Filter>
    </ClCompile>
    <ClCompile Include="ActionApp.cpp">
      <Filter>Source Files</Filter>
    </ClCompile>
    <ClCompile Include="Act65Module.cpp">
      <Filter>Source Files</Filter>
    </ClCompile>
    <ClCompile Include="Act65BYTE.cpp">
      <Filter>Source Files</Filter>
    </ClCompile>
    <ClCompile Include="Act65CHAR.cpp">
      <Filter>Source Files</Filter>
    </ClCompile>
    <ClCompile Include="Act65CARD.cpp">
      <Filter>Source Files</Filter>
    </ClCompile>
    <ClCompile Include="Act65BOOL.cpp">
      <Filter>Source Files</Filter>
    </ClCompile>
    <ClCompile Include="Act65INT.cpp">
      <Filter>Source Files</Filter>
    </ClCompile>
    <ClCompile Include="Act65RECTYPE.cpp">
      <Filter>Source Files</Filter>
    </ClCompile>
    <ClCompile Include="Act65POINTER.cpp">
      <Filter>Source Files</Filter>
    </ClCompile>
    <ClCompile Include="Act65ARRAY.cpp">
      <Filter>Source Files</Filter>
    </ClCompile>
    <ClCompile Include="Act65DEFINE.cpp">
      <Filter>Source Files</Filter>
    </ClCompile>
    <ClCompile Include="Act65Assignment.cpp">
      <Filter>Source Files</Filter>
    </ClCompile>
    <ClCompile Include="Act65AssignADD.cpp">
      <Filter>Source Files</Filter>
    </ClCompile>
    <ClCompile Include="Act65AssignSUB.cpp">
      <Filter>Source Files</Filter>
    </ClCompile>
    <ClCompile Include="Act65AssignMULT.cpp">
      <Filter>Source Files</Filter>
    </ClCompile>
    <ClCompile Include="Act65AssignDIV.cpp">
      <Filter>Source Files</Filter>
    </ClCompile>
    <ClCompile Include="Act65AssignMOD.cpp">
      <Filter>Source Files</Filter>
    </ClCompile>
    <ClCompile Include="Act65AssignOR.cpp">
      <Filter>Source Files</Filter>
    </ClCompile>
    <ClCompile Include="Act65AssignAND.cpp">
      <Filter>Source Files</Filter>
    </ClCompile>
    <ClCompile Include="Act65AssignXOR.cpp">
      <Filter>Source Files</Filter>
    </ClCompile>
    <ClCompile Include="Act65AssignLSh.cpp">
      <Filter>Source Files</Filter>
    </ClCompile>
    <ClCompile Include="Act65AssignRSH.cpp">
      <Filter>Source Files</Filter>
    </ClCompile>
    <ClCompile Include="Act65GreaterTHAN.cpp">
      <Filter>Source Files</Filter>
    </ClCompile>
    <ClCompile Include="Act65LessTHAN.cpp">
      <Filter>Source Files</Filter>
    </ClCompile>
    <ClCompile Include="Act65GTEQ.cpp">
      <Filter>Source Files</Filter>
    </ClCompile>
    <ClCompile Include="Act65LTEQ.cpp">
      <Filter>Source Files</Filter>
    </ClCompile>
    <ClCompile Include="Act65EqualTO.cpp">
      <Filter>Source Files</Filter>
    </ClCompile>
    <ClCompile Include="Act65NotEquelTO.cpp">
      <Filter>Source Files</Filter>
    </ClCompile>
    <ClCompile Include="Act65LogicalOR.cpp">
      <Filter>Source Files</Filter>
    </ClCompile>
    <ClCompile Include="Act65LogicalAND.cpp">
      <Filter>Source Files</Filter>
    </ClCompile>
    <ClCompile Include="Act65BitWiseOR.cpp">
      <Filter>Source Files</Filter>
    </ClCompile>
    <ClCompile Include="Act65BitWiseAND.cpp">
      <Filter>Source Files</Filter>
    </ClCompile>
    <ClCompile Include="Act65XOR.cpp">
      <Filter>Source Files</Filter>
    </ClCompile>
    <ClCompile Include="Act65SUB.cpp">
      <Filter>Source Files</Filter>
    </ClCompile>
    <ClCompile Include="Act65LSH.cpp">
      <Filter>Source Files</Filter>
    </ClCompile>
    <ClCompile Include="Act65RSH.cpp">
      <Filter>Source Files</Filter>
    </ClCompile>
    <ClCompile Include="Act65ROR.cpp">
      <Filter>Source Files</Filter>
    </ClCompile>
    <ClCompile Include="Act65ROL.cpp">
      <Filter>Source Files</Filter>
    </ClCompile>
    <ClCompile Include="Act65ADD.cpp">
      <Filter>Source Files</Filter>
    </ClCompile>
    <ClCompile Include="Act65ProcCall.cpp">
      <Filter>Source Files</Filter>
    </ClCompile>
    <ClCompile Include="Act65FuncCall.cpp">
      <Filter>Source Files</Filter>
    </ClCompile>
    <ClCompile Include="Act65ProcParams.cpp">
      <Filter>Source Files</Filter>
    </ClCompile>
    <ClCompile Include="Act65FOR.cpp">
      <Filter>Source Files</Filter>
    </ClCompile>
    <ClCompile Include="Act65ForSTEP.cpp">
      <Filter>Source Files</Filter>
    </ClCompile>
    <ClCompile Include="Act65ForItterator.cpp">
      <Filter>Source Files</Filter>
    </ClCompile>
    <ClCompile Include="Act65IF.cpp">
      <Filter>Source Files</Filter>
    </ClCompile>
    <ClCompile Include="Act65THEN.cpp">
      <Filter>Source Files</Filter>
    </ClCompile>
    <ClCompile Include="Act65ELSEIF.cpp">
      <Filter>Source Files</Filter>
    </ClCompile>
    <ClCompile Include="Act65ELSE.cpp">
      <Filter>Source Files</Filter>
    </ClCompile>
    <ClCompile Include="Act65WHILE.cpp">
      <Filter>Source Files</Filter>
    </ClCompile>
    <ClCompile Include="Act65DO.cpp">
      <Filter>Source Files</Filter>
    </ClCompile>
    <ClCompile Include="Act65OD.cpp">
      <Filter>Source Files</Filter>
    </ClCompile>
    <ClCompile Include="Act65EXIT.cpp">
      <Filter>Source Files</Filter>
    </ClCompile>
    <ClCompile Include="Act65RETURN.cpp">
      <Filter>Source Files</Filter>
    </ClCompile>
    <ClCompile Include="Act65ASM.cpp">
      <Filter>Source Files</Filter>
    </ClCompile>
    <ClCompile Include="Act65ASMstatement.cpp">
      <Filter>Source Files</Filter>
    </ClCompile>
    <ClCompile Include="Act65CodeBlock.cpp">
      <Filter>Source Files</Filter>
    </ClCompile>
    <ClCompile Include="Act65UNTILL.cpp">
      <Filter>Source Files</Filter>
    </ClCompile>
    <ClCompile Include="Act65VECTOR.cpp">
      <Filter>Source Files</Filter>
    </ClCompile>
    <ClCompile Include="Act65INTERRUPT.cpp">
      <Filter>Source Files</Filter>
    </ClCompile>
    <ClCompile Include="Act65PROC.cpp">
      <Filter>Source Files</Filter>
    </ClCompile>
    <ClCompile Include="Act65IFF.cpp">
      <Filter>Source Files</Filter>
    </ClCompile>
    <ClCompile Include="Act65BEGIN.cpp">
      <Filter>Source Files</Filter>
    </ClCompile>
    <ClCompile Include="Act65END.cpp">
      <Filter>Source Files</Filter>
    </ClCompile>
    <ClCompile Include="Act65FFI.cpp">
      <Filter>Source Files</Filter>
    </ClCompile>
    <ClCompile Include="Act65FlagNEG.cpp">
      <Filter>Source Files</Filter>
    </ClCompile>
    <ClCompile Include="Act65FlagCARRY.cpp">
      <Filter>Source Files</Filter>
    </ClCompile>
    <ClCompile Include="Act65FlagZERO.cpp">
      <Filter>Source Files</Filter>
    </ClCompile>
    <ClCompile Include="Act65FlagOVERFLOW.cpp">
      <Filter>Source Files</Filter>
    </ClCompile>
    <ClCompile Include="Act65BIT.cpp">
      <Filter>Source Files</Filter>
    </ClCompile>
    <ClCompile Include="Act65PUSH.cpp">
      <Filter>Source Files</Filter>
    </ClCompile>
    <ClCompile Include="Act65PushSource.cpp">
      <Filter>Source Files</Filter>
    </ClCompile>
    <ClCompile Include="Act65POP.cpp">
      <Filter>Source Files</Filter>
    </ClCompile>
    <ClCompile Include="Act65PopDest.cpp">
      <Filter>Source Files</Filter>
    </ClCompile>
    <ClCompile Include="Act65TYPEDEF.cpp">
      <Filter>Source Files</Filter>
    </ClCompile>
    <ClCompile Include="Act65PROCESSOR.cpp">
      <Filter>Source Files</Filter>
    </ClCompile>
    <ClCompile Include="Act65SECTION.cpp">
      <Filter>Source Files</Filter>
    </ClCompile>
    <ClCompile Include="Act65SecAtrbSTART.cpp">
      <Filter>Source Files</Filter>
    </ClCompile>
    <ClCompile Include="Act65SecAtrbSIZE.cpp">
      <Filter>Source Files</Filter>
    </ClCompile>
    <ClCompile Include="Act65SecAtrbMODE.cpp">
      <Filter>Source Files</Filter>
    </ClCompile>
    <ClCompile Include="Act65SecAtrbZEROPAGE.cpp">
      <Filter>Source Files</Filter>
    </ClCompile>
    <ClCompile Include="Act65SecAtrbREADONLY.cpp">
      <Filter>Source Files</Filter>
    </ClCompile>
    <ClCompile Include="Act65SecAtrbREADWRITE.cpp">
      <Filter>Source Files</Filter>
    </ClCompile>
    <ClCompile Include="Act65TRUE.cpp">
      <Filter>Source Files</Filter>
    </ClCompile>
    <ClCompile Include="Act65SecAtrbFALSE.cpp">
      <Filter>Source Files</Filter>
    </ClCompile>
    <ClCompile Include="Act65ORG.cpp">
      <Filter>Source Files</Filter>
    </ClCompile>
    <ClCompile Include="Actt65DB.cpp">
      <Filter>Source Files</Filter>
    </ClCompile>
    <ClCompile Include="Act65DW.cpp">
      <Filter>Source Files</Filter>
    </ClCompile>
    <ClCompile Include="Act65DL.cpp">
      <Filter>Source Files</Filter>
    </ClCompile>
    <ClCompile Include="Act65DAS.cpp">
      <Filter>Source Files</Filter>
    </ClCompile>
    <ClCompile Include="Act65DCS.cpp">
      <Filter>Source Files</Filter>
    </ClCompile>
    <ClCompile Include="Actt65DS.cpp">
      <Filter>Source Files</Filter>
    </ClCompile>
    <ClCompile Include="Act65ASMPROC.cpp">
      <Filter>Source Files</Filter>
    </ClCompile>
    <ClCompile Include="Act65EPROC.cpp">
      <Filter>Source Files</Filter>
    </ClCompile>
    <ClCompile Include="Act65Opcode.cpp">
      <Filter>Source Files</Filter>
    </ClCompile>
    <ClCompile Include="Act65Label.cpp">
      <Filter>Source Files</Filter>
    </ClCompile>
    <ClCompile Include="Act65Private.cpp">
      <Filter>Source Files</Filter>
    </ClCompile>
    <ClCompile Include="Act65XREG.cpp">
      <Filter>Source Files</Filter>
    </ClCompile>
    <ClCompile Include="Act65YREG.cpp">
      <Filter>Source Files</Filter>
    </ClCompile>
    <ClCompile Include="Act65ACC.cpp">
      <Filter>Source Files</Filter>
    </ClCompile>
    <ClCompile Include="Act65CharCibstabt.cpp">
      <Filter>Source Files</Filter>
    </ClCompile>
    <ClCompile Include="Act65LowerPart.cpp">
      <Filter>Source Files</Filter>
    </ClCompile>
    <ClCompile Include="Act65UpperPart.cpp">
      <Filter>Source Files</Filter>
    </ClCompile>
    <ClCompile Include="Act65CurrentLocation.cpp">
      <Filter>Source Files</Filter>
    </ClCompile>
    <ClCompile Include="ActionAstTree.cpp">
      <Filter>Source Files</Filter>
    </ClCompile>
    <ClCompile Include="Value.cpp">
      <Filter>Source Files</Filter>
    </ClCompile>
    <ClCompile Include="LkHead.cpp">
      <Filter>Source Files</Filter>
    </ClCompile>
    <ClCompile Include="Act65PROCname.cpp">
      <Filter>Source Files</Filter>
    </ClCompile>
    <ClCompile Include="Act65IDENT.cpp">
      <Filter>Source Files</Filter>
    </ClCompile>
    <ClCompile Include="ObjType.cpp">
      <Filter>Source Files</Filter>
    </ClCompile>
    <ClCompile Include="Act65RTI.cpp">
      <Filter>Source Files</Filter>
    </ClCompile>
    <ClCompile Include="Act65BREAK.cpp">
      <Filter>Source Files</Filter>
    </ClCompile>
    <ClCompile Include="Act65ForTO.cpp">
      <Filter>Source Files</Filter>
    </ClCompile>
    <ClCompile Include="Act65FI.cpp">
      <Filter>Source Files</Filter>
    </ClCompile>
    <ClCompile Include="Act65OptNOT.cpp">
      <Filter>Source Files</Filter>
    </ClCompile>
    <ClCompile Include="Act65CONSTANT.cpp">
      <Filter>Source Files</Filter>
    </ClCompile>
    <ClCompile Include="Act65AddressOF.cpp">
      <Filter>Source Files</Filter>
    </ClCompile>
    <ClCompile Include="Act65AdrOfCONST.cpp">
      <Filter>Source Files</Filter>
    </ClCompile>
    <ClCompile Include="Act65AddrOfINTERRUPT.cpp">
      <Filter>Source Files</Filter>
    </ClCompile>
    <ClCompile Include="Act65FuncADDR.cpp">
      <Filter>Source Files</Filter>
    </ClCompile>
    <ClCompile Include="Acrt65ProcADDR.cpp">
      <Filter>Source Files</Filter>
    </ClCompile>
    <ClCompile Include="Act65IdentList.cpp">
      <Filter>Source Files</Filter>
    </ClCompile>
    <ClCompile Include="Act65ConstLIST.cpp">
      <Filter>Source Files</Filter>
    </ClCompile>
    <ClCompile Include="Act65STRING.cpp">
      <Filter>Source Files</Filter>
    </ClCompile>
    <ClCompile Include="Act65InitDATA.cpp">
      <Filter>Source Files</Filter>
    </ClCompile>
    <ClCompile Include="Act65Identifier.cpp">
      <Filter>Source Files</Filter>
    </ClCompile>
    <ClCompile Include="Act65FUNC.cpp">
      <Filter>Source Files</Filter>
    </ClCompile>
    <ClCompile Include="Act65TypeFIELDS.cpp">
      <Filter>Source Files</Filter>
    </ClCompile>
    <ClCompile Include="Act65TYPE.cpp">
      <Filter>Source Files</Filter>
    </ClCompile>
    <ClCompile Include="Act65DefineOBJECT.cpp">
      <Filter>Source Files</Filter>
    </ClCompile>
    <ClCompile Include="Act65DefLIST.cpp">
      <Filter>Source Files</Filter>
    </ClCompile>
    <ClCompile Include="Act65StatusFLAGS.cpp">
      <Filter>Source Files</Filter>
    </ClCompile>
    <ClCompile Include="Act65ArrayINDEX.cpp">
      <Filter>Source Files</Filter>
    </ClCompile>
    <ClCompile Include="Act65PointerDeREF.cpp">
      <Filter>Source Files</Filter>
    </ClCompile>
    <ClCompile Include="Act65TypeDotField.cpp">
      <Filter>Source Files</Filter>
    </ClCompile>
    <ClCompile Include="Act65VALUE.cpp">
      <Filter>Source Files</Filter>
    </ClCompile>
    <ClCompile Include="Act65UnaryNEG.cpp">
      <Filter>Source Files</Filter>
    </ClCompile>
    <ClCompile Include="Act65MUL.cpp">
      <Filter>Source Files</Filter>
    </ClCompile>
    <ClCompile Include="Act65MOD.cpp">
      <Filter>Source Files</Filter>
    </ClCompile>
    <ClCompile Include="Act65DIV.cpp">
      <Filter>Source Files</Filter>
    </ClCompile>
    <ClCompile Include="Act65R6502.cpp">
      <Filter>Source Files</Filter>
    </ClCompile>
    <ClCompile Include="Act65W65C02.cpp">
      <Filter>Source Files</Filter>
    </ClCompile>
    <ClCompile Include="Act65W65C816.cpp">
      <Filter>Source Files</Filter>
    </ClCompile>
    <ClCompile Include="TypeChain.cpp">
      <Filter>Source Files</Filter>
    </ClCompile>
    <ClCompile Include="ParameterChain.cpp">
      <Filter>Source Files</Filter>
    </ClCompile>
    <ClCompile Include="Act65ParamList.cpp">
      <Filter>Source Files</Filter>
    </ClCompile>
    <ClCompile Include="CodeGeneration.cpp">
      <Filter>Source Files</Filter>
    </ClCompile>
    <ClCompile Include="Act65NUMBER.cpp">
      <Filter>Source Files</Filter>
    </ClCompile>
    <ClCompile Include="Act65DeclareParams.cpp">
      <Filter>Source Files</Filter>
    </ClCompile>
    <ClCompile Include="Act65ROOT.cpp">
      <Filter>Source Files</Filter>
    </ClCompile>
  </ItemGroup>
  <ItemGroup>
    <ClInclude Include="pch.h">
      <Filter>Header Files</Filter>
    </ClInclude>
    <ClInclude Include="Bin.h">
      <Filter>Header Files</Filter>
    </ClInclude>
    <ClInclude Include="Bucket.h">
      <Filter>Header Files</Filter>
    </ClInclude>
    <ClInclude Include="Lexer.h">
      <Filter>Header Files</Filter>
    </ClInclude>
    <ClInclude Include="Parser.h">
      <Filter>Header Files</Filter>
    </ClInclude>
    <ClInclude Include="Symbol.h">
      <Filter>Header Files</Filter>
    </ClInclude>
    <ClInclude Include="SymTab.h">
      <Filter>Header Files</Filter>
    </ClInclude>
    <ClInclude Include="AstNode.h">
      <Filter>Header Files</Filter>
    </ClInclude>
    <ClInclude Include="AstTree.h">
      <Filter>Header Files</Filter>
    </ClInclude>
    <ClInclude Include="AddressSizeStackItem.h">
      <Filter>Header Files</Filter>
    </ClInclude>
    <ClInclude Include="ObjFormatCode.h">
      <Filter>Header Files</Filter>
    </ClInclude>
    <ClInclude Include="ObjFormatData.h">
      <Filter>Header Files</Filter>
    </ClInclude>
    <ClInclude Include="ObjFormatFile.h">
      <Filter>Header Files</Filter>
    </ClInclude>
    <ClInclude Include="ObjFormatRelocation.h">
      <Filter>Header Files</Filter>
    </ClInclude>
    <ClInclude Include="ObjFormatSection.h">
      <Filter>Header Files</Filter>
    </ClInclude>
    <ClInclude Include="ObjFormatSectionItem.h">
      <Filter>Header Files</Filter>
    </ClInclude>
    <ClInclude Include="ObjFormatSymbolItem.h">
      <Filter>Header Files</Filter>
    </ClInclude>
    <ClInclude Include="ObjFormatSymbols.h">
      <Filter>Header Files</Filter>
    </ClInclude>
    <ClInclude Include="Section.h">
      <Filter>Header Files</Filter>
    </ClInclude>
    <ClInclude Include="UnResolvedSymbol.h">
      <Filter>Header Files</Filter>
    </ClInclude>
    <ClInclude Include="WhereSymbolIsUsed.h">
      <Filter>Header Files</Filter>
    </ClInclude>
    <ClInclude Include="ActionApp.h">
      <Filter>Header Files</Filter>
    </ClInclude>
    <ClInclude Include="Act65Module.h">
      <Filter>Header Files</Filter>
    </ClInclude>
    <ClInclude Include="Act65BYTE.h">
      <Filter>Header Files</Filter>
    </ClInclude>
    <ClInclude Include="Act65CHAR.h">
      <Filter>Header Files</Filter>
    </ClInclude>
    <ClInclude Include="Act65CARD.h">
      <Filter>Header Files</Filter>
    </ClInclude>
    <ClInclude Include="Act65BOOL.h">
      <Filter>Header Files</Filter>
    </ClInclude>
    <ClInclude Include="Act65INT.h">
      <Filter>Header Files</Filter>
    </ClInclude>
    <ClInclude Include="Act65RECTYPE.h">
      <Filter>Header Files</Filter>
    </ClInclude>
    <ClInclude Include="Act65POINTER.h">
      <Filter>Header Files</Filter>
    </ClInclude>
    <ClInclude Include="Act65ARRAY.h">
      <Filter>Header Files</Filter>
    </ClInclude>
    <ClInclude Include="Act65DEFINE.h">
      <Filter>Header Files</Filter>
    </ClInclude>
    <ClInclude Include="Act65Assignment.h">
      <Filter>Header Files</Filter>
    </ClInclude>
    <ClInclude Include="Act65AssignADD.h">
      <Filter>Header Files</Filter>
    </ClInclude>
    <ClInclude Include="Act65AssignSUB.h">
      <Filter>Header Files</Filter>
    </ClInclude>
    <ClInclude Include="Act65AssignMULT.h">
      <Filter>Header Files</Filter>
    </ClInclude>
    <ClInclude Include="Act65AssignDIV.h">
      <Filter>Header Files</Filter>
    </ClInclude>
    <ClInclude Include="Act65AssignMOD.h">
      <Filter>Header Files</Filter>
    </ClInclude>
    <ClInclude Include="Act65AssignOR.h">
      <Filter>Header Files</Filter>
    </ClInclude>
    <ClInclude Include="Act65AssignAND.h">
      <Filter>Header Files</Filter>
    </ClInclude>
    <ClInclude Include="Act65AssignXOR.h">
      <Filter>Header Files</Filter>
    </ClInclude>
    <ClInclude Include="Act65AssignLSH.h">
      <Filter>Header Files</Filter>
    </ClInclude>
    <ClInclude Include="Act65AssignRSH.h">
      <Filter>Header Files</Filter>
    </ClInclude>
    <ClInclude Include="Act65GreaterTHAN.h">
      <Filter>Header Files</Filter>
    </ClInclude>
    <ClInclude Include="Act65LessTHAN.h">
      <Filter>Header Files</Filter>
    </ClInclude>
    <ClInclude Include="Act65GTEQ.h">
      <Filter>Header Files</Filter>
    </ClInclude>
    <ClInclude Include="Act65LTEQ.h">
      <Filter>Header Files</Filter>
    </ClInclude>
    <ClInclude Include="Act65EqualTO.h">
      <Filter>Header Files</Filter>
    </ClInclude>
    <ClInclude Include="Act65NotEquelTO.h">
      <Filter>Header Files</Filter>
    </ClInclude>
    <ClInclude Include="Act65LogicalOR.h">
      <Filter>Header Files</Filter>
    </ClInclude>
    <ClInclude Include="Act65LogicalAND.h">
      <Filter>Header Files</Filter>
    </ClInclude>
    <ClInclude Include="Act65BitWiseOR.h">
      <Filter>Header Files</Filter>
    </ClInclude>
    <ClInclude Include="Act65BitWiseAND.h">
      <Filter>Header Files</Filter>
    </ClInclude>
    <ClInclude Include="Act65XOR.h">
      <Filter>Header Files</Filter>
    </ClInclude>
    <ClInclude Include="Act65SUB.h">
      <Filter>Header Files</Filter>
    </ClInclude>
    <ClInclude Include="Act65LSH.h">
      <Filter>Header Files</Filter>
    </ClInclude>
    <ClInclude Include="Act65RSH.h">
      <Filter>Header Files</Filter>
    </ClInclude>
    <ClInclude Include="Act65ROR.h">
      <Filter>Header Files</Filter>
    </ClInclude>
    <ClInclude Include="Act65ROL.h">
      <Filter>Header Files</Filter>
    </ClInclude>
    <ClInclude Include="Act65ADD.h">
      <Filter>Header Files</Filter>
    </ClInclude>
    <ClInclude Include="Act65ProcCall.h">
      <Filter>Header Files</Filter>
    </ClInclude>
    <ClInclude Include="Act65FuncCall.h">
      <Filter>Header Files</Filter>
    </ClInclude>
    <ClInclude Include="Act65ProcParams.h">
      <Filter>Header Files</Filter>
    </ClInclude>
    <ClInclude Include="Act65FOR.h">
      <Filter>Header Files</Filter>
    </ClInclude>
    <ClInclude Include="Act65ForSTEP.h">
      <Filter>Header Files</Filter>
    </ClInclude>
    <ClInclude Include="Act65ForItterator.h">
      <Filter>Header Files</Filter>
    </ClInclude>
    <ClInclude Include="Act65IF.h">
      <Filter>Header Files</Filter>
    </ClInclude>
    <ClInclude Include="Act65THEN.h">
      <Filter>Header Files</Filter>
    </ClInclude>
    <ClInclude Include="Act65ELSEIF.h">
      <Filter>Header Files</Filter>
    </ClInclude>
    <ClInclude Include="Act65ELSE.h">
      <Filter>Header Files</Filter>
    </ClInclude>
    <ClInclude Include="Act65WHILE.h">
      <Filter>Header Files</Filter>
    </ClInclude>
    <ClInclude Include="Act65DO.h">
      <Filter>Header Files</Filter>
    </ClInclude>
    <ClInclude Include="Act65OD.h">
      <Filter>Header Files</Filter>
    </ClInclude>
    <ClInclude Include="Act65EXIT.h">
      <Filter>Header Files</Filter>
    </ClInclude>
    <ClInclude Include="Act65RETURN.h">
      <Filter>Header Files</Filter>
    </ClInclude>
    <ClInclude Include="Act65ASM.h">
      <Filter>Header Files</Filter>
    </ClInclude>
    <ClInclude Include="Act65ASMstatement.h">
      <Filter>Header Files</Filter>
    </ClInclude>
    <ClInclude Include="Act65CodeBlock.h">
      <Filter>Header Files</Filter>
    </ClInclude>
    <ClInclude Include="Act65UNTILL.h">
      <Filter>Header Files</Filter>
    </ClInclude>
    <ClInclude Include="Act65VECTOR.h">
      <Filter>Header Files</Filter>
    </ClInclude>
    <ClInclude Include="Act65INTERRUPT.h">
      <Filter>Header Files</Filter>
    </ClInclude>
    <ClInclude Include="Act65PROC.h">
      <Filter>Header Files</Filter>
    </ClInclude>
    <ClInclude Include="Act65IFF.h">
      <Filter>Header Files</Filter>
    </ClInclude>
    <ClInclude Include="Act65BEGIN.h">
      <Filter>Header Files</Filter>
    </ClInclude>
    <ClInclude Include="Act65END.h">
      <Filter>Header Files</Filter>
    </ClInclude>
    <ClInclude Include="Act65FFI.h">
      <Filter>Header Files</Filter>
    </ClInclude>
    <ClInclude Include="Act65FlagNEG.h">
      <Filter>Header Files</Filter>
    </ClInclude>
    <ClInclude Include="Act65FlagCARRY.h">
      <Filter>Header Files</Filter>
    </ClInclude>
    <ClInclude Include="Act65FlagZERO.h">
      <Filter>Header Files</Filter>
    </ClInclude>
    <ClInclude Include="Act65FlagOVERFLOW.h">
      <Filter>Header Files</Filter>
    </ClInclude>
    <ClInclude Include="Act65BIT.h">
      <Filter>Header Files</Filter>
    </ClInclude>
    <ClInclude Include="Act65PUSH.h">
      <Filter>Header Files</Filter>
    </ClInclude>
    <ClInclude Include="Act65PushSource.h">
      <Filter>Header Files</Filter>
    </ClInclude>
    <ClInclude Include="Act65POP.h">
      <Filter>Header Files</Filter>
    </ClInclude>
    <ClInclude Include="Act65PopDest.h">
      <Filter>Header Files</Filter>
    </ClInclude>
    <ClInclude Include="Act65TYPEDEF.h">
      <Filter>Header Files</Filter>
    </ClInclude>
    <ClInclude Include="Act65PROCESSOR.h">
      <Filter>Header Files</Filter>
    </ClInclude>
    <ClInclude Include="Act65SECTION.h">
      <Filter>Header Files</Filter>
    </ClInclude>
    <ClInclude Include="Act65SecAtrbSTART.h">
      <Filter>Header Files</Filter>
    </ClInclude>
    <ClInclude Include="Act65SecAtrbSIZE.h">
      <Filter>Header Files</Filter>
    </ClInclude>
    <ClInclude Include="Act65SecAtrbMODE.h">
      <Filter>Header Files</Filter>
    </ClInclude>
    <ClInclude Include="Act65SecAtrbZEROPAGE.h">
      <Filter>Header Files</Filter>
    </ClInclude>
    <ClInclude Include="Act65SecAtrbREADONLY.h">
      <Filter>Header Files</Filter>
    </ClInclude>
    <ClInclude Include="Act65SecAtrbREADWRITE.h">
      <Filter>Header Files</Filter>
    </ClInclude>
    <ClInclude Include="Act65TRUE.h">
      <Filter>Header Files</Filter>
    </ClInclude>
    <ClInclude Include="Act65SecAtrbFALSE.h">
      <Filter>Header Files</Filter>
    </ClInclude>
    <ClInclude Include="Act65ORG.h">
      <Filter>Header Files</Filter>
    </ClInclude>
    <ClInclude Include="Act65DB.h">
      <Filter>Header Files</Filter>
    </ClInclude>
    <ClInclude Include="Act65DW.h">
      <Filter>Header Files</Filter>
    </ClInclude>
    <ClInclude Include="Act65DL.h">
      <Filter>Header Files</Filter>
    </ClInclude>
    <ClInclude Include="Act65DAS.h">
      <Filter>Header Files</Filter>
    </ClInclude>
    <ClInclude Include="Act65DCS.h">
      <Filter>Header Files</Filter>
    </ClInclude>
    <ClInclude Include="Act65DS.h">
      <Filter>Header Files</Filter>
    </ClInclude>
    <ClInclude Include="Act65ASMPROC.h">
      <Filter>Header Files</Filter>
    </ClInclude>
    <ClInclude Include="Act65EPROC.h">
      <Filter>Header Files</Filter>
    </ClInclude>
    <ClInclude Include="Act65Opcode.h">
      <Filter>Header Files</Filter>
    </ClInclude>
    <ClInclude Include="Act65Label.h">
      <Filter>Header Files</Filter>
    </ClInclude>
    <ClInclude Include="Act65Private.h">
      <Filter>Header Files</Filter>
    </ClInclude>
    <ClInclude Include="Act65XREG.h">
      <Filter>Header Files</Filter>
    </ClInclude>
    <ClInclude Include="Act65YREG.h">
      <Filter>Header Files</Filter>
    </ClInclude>
    <ClInclude Include="Act65ACC.h">
      <Filter>Header Files</Filter>
    </ClInclude>
    <ClInclude Include="Act65CharCibstabt.h">
      <Filter>Header Files</Filter>
    </ClInclude>
    <ClInclude Include="Act65LowerPart.h">
      <Filter>Header Files</Filter>
    </ClInclude>
    <ClInclude Include="Act65UpperPart.h">
      <Filter>Header Files</Filter>
    </ClInclude>
    <ClInclude Include="Act65CurrentLocation.h">
      <Filter>Header Files</Filter>
    </ClInclude>
    <ClInclude Include="ActionAstTree.h">
      <Filter>Header Files</Filter>
    </ClInclude>
    <ClInclude Include="Value.h">
      <Filter>Header Files</Filter>
    </ClInclude>
    <ClInclude Include="LkHead.h">
      <Filter>Header Files</Filter>
    </ClInclude>
    <ClInclude Include="Act65PROCname.h">
      <Filter>Header Files</Filter>
    </ClInclude>
    <ClInclude Include="Act65IDENT.h">
      <Filter>Header Files</Filter>
    </ClInclude>
    <ClInclude Include="ObjType.h">
      <Filter>Header Files</Filter>
    </ClInclude>
    <ClInclude Include="Act65RTI.h">
      <Filter>Header Files</Filter>
    </ClInclude>
    <ClInclude Include="Act65BREAK.h">
      <Filter>Header Files</Filter>
    </ClInclude>
    <ClInclude Include="Act65ForTO.h">
      <Filter>Header Files</Filter>
    </ClInclude>
    <ClInclude Include="Act65FI.h">
      <Filter>Header Files</Filter>
    </ClInclude>
    <ClInclude Include="Act65OptNOT.h">
      <Filter>Header Files</Filter>
    </ClInclude>
    <ClInclude Include="Act65CONSTANT.h">
      <Filter>Header Files</Filter>
    </ClInclude>
    <ClInclude Include="Act65AddressOF.h">
      <Filter>Header Files</Filter>
    </ClInclude>
    <ClInclude Include="Act65AdrOfCONST.h">
      <Filter>Header Files</Filter>
    </ClInclude>
    <ClInclude Include="Act65AddrOfINTERRUPT.h">
      <Filter>Header Files</Filter>
    </ClInclude>
    <ClInclude Include="Act65FuncADDR.h">
      <Filter>Header Files</Filter>
    </ClInclude>
    <ClInclude Include="Acrt65ProcADDR.h">
      <Filter>Header Files</Filter>
    </ClInclude>
    <ClInclude Include="Act65IdentList.h">
      <Filter>Header Files</Filter>
    </ClInclude>
    <ClInclude Include="Act65ConstLIST.h">
      <Filter>Header Files</Filter>
    </ClInclude>
    <ClInclude Include="Act65STRING.h">
      <Filter>Header Files</Filter>
    </ClInclude>
    <ClInclude Include="Act65InitDATA.h">
      <Filter>Header Files</Filter>
    </ClInclude>
    <ClInclude Include="Act65Identifier.h">
      <Filter>Header Files</Filter>
    </ClInclude>
    <ClInclude Include="Act65FUNC.h">
      <Filter>Header Files</Filter>
    </ClInclude>
    <ClInclude Include="Act65TypeFIELDS.h">
      <Filter>Header Files</Filter>
    </ClInclude>
    <ClInclude Include="Act65TYPE.h">
      <Filter>Header Files</Filter>
    </ClInclude>
    <ClInclude Include="Act65DefineOBJECT.h">
      <Filter>Header Files</Filter>
    </ClInclude>
    <ClInclude Include="Act65DefLIST.h">
      <Filter>Header Files</Filter>
    </ClInclude>
    <ClInclude Include="Act65StatusFLAGS.h">
      <Filter>Header Files</Filter>
    </ClInclude>
    <ClInclude Include="Act65ArrayINDEX.h">
      <Filter>Header Files</Filter>
    </ClInclude>
    <ClInclude Include="Act65PointerDeREF.h">
      <Filter>Header Files</Filter>
    </ClInclude>
    <ClInclude Include="Act65TypeDotField.h">
      <Filter>Header Files</Filter>
    </ClInclude>
    <ClInclude Include="Act65VALUE.h">
      <Filter>Header Files</Filter>
    </ClInclude>
    <ClInclude Include="Act65UnaryNEG.h">
      <Filter>Header Files</Filter>
    </ClInclude>
    <ClInclude Include="Act65MUL.h">
      <Filter>Header Files</Filter>
    </ClInclude>
    <ClInclude Include="Act65MOD.h">
      <Filter>Header Files</Filter>
    </ClInclude>
    <ClInclude Include="Act65DIV.h">
      <Filter>Header Files</Filter>
    </ClInclude>
    <ClInclude Include="Act65R6502.h">
      <Filter>Header Files</Filter>
    </ClInclude>
    <ClInclude Include="Act65W65C02.h">
      <Filter>Header Files</Filter>
    </ClInclude>
    <ClInclude Include="Act65W65C816.h">
      <Filter>Header Files</Filter>
    </ClInclude>
    <ClInclude Include="TypeChain.h">
      <Filter>Header Files</Filter>
    </ClInclude>
    <ClInclude Include="ParameterChain.h">
      <Filter>Header Files</Filter>
    </ClInclude>
    <ClInclude Include="Act65ParamList.h">
      <Filter>Header Files</Filter>
    </ClInclude>
    <ClInclude Include="CodeGeneration.h">
      <Filter>Header Files</Filter>
    </ClInclude>
    <ClInclude Include="Act65NUMBER.h">
      <Filter>Header Files</Filter>
    </ClInclude>
    <ClInclude Include="Act65DeclareParams.h">
      <Filter>Header Files</Filter>
    </ClInclude>
    <ClInclude Include="Act65ROOT.h">
      <Filter>Header Files</Filter>
    </ClInclude>
  </ItemGroup>
  <ItemGroup>
    <None Include="ActionTestFiles\Test1.act">
      <Filter>Action</Filter>
    </None>
    <None Include="Grammar\Action.gram">
      <Filter>Grammar</Filter>
    </None>
    <None Include="README.md">
      <Filter>Readme</Filter>
    </None>
    <None Include="test4.act">
      <Filter>Action</Filter>
    </None>
    <None Include="test5.act">
      <Filter>Action</Filter>
    </None>
  </ItemGroup>
</Project>