<?xml version="1.0" encoding="utf-8"?>
<Project ToolsVersion="4.0" xmlns="http://schemas.microsoft.com/developer/msbuild/2003">
  <ItemGroup>
    <Filter Include="Source Files">
      <UniqueIdentifier>{4FC737F1-C7A5-4376-A066-2A32D752A2FF}</UniqueIdentifier>
      <Extensions>cpp;c;cc;cxx;c++;cppm;ixx;def;odl;idl;hpj;bat;asm;asmx</Extensions>
    </Filter>
    <Filter Include="Header Files">
      <UniqueIdentifier>{93995380-89BD-4b04-88EB-625FBE52EBFB}</UniqueIdentifier>
      <Extensions>h;hh;hpp;hxx;h++;hm;inl;inc;ipp;xsd</Extensions>
    </Filter>
    <Filter Include="Resource Files">
      <UniqueIdentifier>{67DA6AB6-F800-4c08-8B7A-83BB121AAD01}</UniqueIdentifier>
      <Extensions>rc;ico;cur;bmp;dlg;rc2;rct;bin;rgs;gif;jpg;jpeg;jpe;resx;tiff;tif;png;wav;mfcribbon-ms</Extensions>
    </Filter>
    <Filter Include="Action">
      <UniqueIdentifier>{c5199944-32d0-470d-911d-ef794370b153}</UniqueIdentifier>
      <Extensions>act</Extensions>
    </Filter>
    <Filter Include="Grammar">
      <UniqueIdentifier>{d894a29e-3ebf-43b9-be58-cbaf53033548}</UniqueIdentifier>
      <Extensions>txt;gram</Extensions>
    </Filter>
  </ItemGroup>
  <ItemGroup>
    <ClCompile Include="Action65.cpp">
      <Filter>Source Files</Filter>
    </ClCompile>
    <ClCompile Include="Bin.cpp">
      <Filter>Source Files</Filter>
    </ClCompile>
    <ClCompile Include="Bucket.cpp">
      <Filter>Source Files</Filter>
    </ClCompile>
    <ClCompile Include="Lexer.cpp">
      <Filter>Source Files</Filter>
    </ClCompile>
    <ClCompile Include="Parser.cpp">
      <Filter>Source Files</Filter>
    </ClCompile>
    <ClCompile Include="Symbol.cpp">
      <Filter>Source Files</Filter>
    </ClCompile>
    <ClCompile Include="SymTab.cpp">
      <Filter>Source Files</Filter>
    </ClCompile>
    <ClCompile Include="AstNode.cpp">
      <Filter>Source Files</Filter>
    </ClCompile>
    <ClCompile Include="AstTree.cpp">
      <Filter>Source Files</Filter>
    </ClCompile>
    <ClCompile Include="AccessModeStackItem.cpp">
      <Filter>Source Files</Filter>
    </ClCompile>
    <ClCompile Include="AddressSizeStackItem.cpp">
      <Filter>Source Files</Filter>
    </ClCompile>
    <ClCompile Include="BinStackItem.cpp">
      <Filter>Source Files</Filter>
    </ClCompile>
    <ClCompile Include="DataSizeStackItem.cpp">
      <Filter>Source Files</Filter>
    </ClCompile>
    <ClCompile Include="Instruction.cpp">
      <Filter>Source Files</Filter>
    </ClCompile>
    <ClCompile Include="NumberStackItem.cpp">
      <Filter>Source Files</Filter>
    </ClCompile>
    <ClCompile Include="ObjFormatCode.cpp">
      <Filter>Source Files</Filter>
    </ClCompile>
    <ClCompile Include="ObjFormatData.cpp">
      <Filter>Source Files</Filter>
    </ClCompile>
    <ClCompile Include="ObjFormatFile.cpp">
      <Filter>Source Files</Filter>
    </ClCompile>
    <ClCompile Include="ObjFormatRelocation.cpp">
      <Filter>Source Files</Filter>
    </ClCompile>
    <ClCompile Include="ObjFormatSection.cpp">
      <Filter>Source Files</Filter>
    </ClCompile>
    <ClCompile Include="ObjFormatSectionItem.cpp">
      <Filter>Source Files</Filter>
    </ClCompile>
    <ClCompile Include="ObjFormatSymbolItem.cpp">
      <Filter>Source Files</Filter>
    </ClCompile>
    <ClCompile Include="ObjFormatSymbols.cpp">
      <Filter>Source Files</Filter>
    </ClCompile>
    <ClCompile Include="RegisterStackItem.cpp">
      <Filter>Source Files</Filter>
    </ClCompile>
    <ClCompile Include="Section.cpp">
      <Filter>Source Files</Filter>
    </ClCompile>
    <ClCompile Include="Stack.cpp">
      <Filter>Source Files</Filter>
    </ClCompile>
    <ClCompile Include="StackItem.cpp">
      <Filter>Source Files</Filter>
    </ClCompile>
    <ClCompile Include="StackSectionItem.cpp">
      <Filter>Source Files</Filter>
    </ClCompile>
    <ClCompile Include="StackSymbolItem.cpp">
      <Filter>Source Files</Filter>
    </ClCompile>
    <ClCompile Include="UnResolvedSymbol.cpp">
      <Filter>Source Files</Filter>
    </ClCompile>
    <ClCompile Include="WhereSymbolIsUsed.cpp">
      <Filter>Source Files</Filter>
    </ClCompile>
    <ClCompile Include="pch.cpp">
      <Filter>Source Files</Filter>
    </ClCompile>
    <ClCompile Include="ConsolApp.cpp">
      <Filter>Source Files</Filter>
    </ClCompile>
    <ClCompile Include="ActionApp.cpp">
      <Filter>Source Files</Filter>
    </ClCompile>
  </ItemGroup>
  <ItemGroup>
    <ClInclude Include="pch.h">
      <Filter>Header Files</Filter>
    </ClInclude>
    <ClInclude Include="Bin.h">
      <Filter>Header Files</Filter>
    </ClInclude>
    <ClInclude Include="Bucket.h">
      <Filter>Header Files</Filter>
    </ClInclude>
    <ClInclude Include="Lexer.h">
      <Filter>Header Files</Filter>
    </ClInclude>
    <ClInclude Include="Parser.h">
      <Filter>Header Files</Filter>
    </ClInclude>
    <ClInclude Include="Symbol.h">
      <Filter>Header Files</Filter>
    </ClInclude>
    <ClInclude Include="SymTab.h">
      <Filter>Header Files</Filter>
    </ClInclude>
    <ClInclude Include="AstNode.h">
      <Filter>Header Files</Filter>
    </ClInclude>
    <ClInclude Include="AstTree.h">
      <Filter>Header Files</Filter>
    </ClInclude>
    <ClInclude Include="AccessModeStackItem.h">
      <Filter>Header Files</Filter>
    </ClInclude>
    <ClInclude Include="AddressSizeStackItem.h">
      <Filter>Header Files</Filter>
    </ClInclude>
    <ClInclude Include="BinStackItem.h">
      <Filter>Header Files</Filter>
    </ClInclude>
    <ClInclude Include="DataSizeStackItem.h">
      <Filter>Header Files</Filter>
    </ClInclude>
    <ClInclude Include="Instruction.h">
      <Filter>Header Files</Filter>
    </ClInclude>
    <ClInclude Include="NumberStackItem.h">
      <Filter>Header Files</Filter>
    </ClInclude>
    <ClInclude Include="ObjFormatCode.h">
      <Filter>Header Files</Filter>
    </ClInclude>
    <ClInclude Include="ObjFormatData.h">
      <Filter>Header Files</Filter>
    </ClInclude>
    <ClInclude Include="ObjFormatFile.h">
      <Filter>Header Files</Filter>
    </ClInclude>
    <ClInclude Include="ObjFormatRelocation.h">
      <Filter>Header Files</Filter>
    </ClInclude>
    <ClInclude Include="ObjFormatSection.h">
      <Filter>Header Files</Filter>
    </ClInclude>
    <ClInclude Include="ObjFormatSectionItem.h">
      <Filter>Header Files</Filter>
    </ClInclude>
    <ClInclude Include="ObjFormatSymbolItem.h">
      <Filter>Header Files</Filter>
    </ClInclude>
    <ClInclude Include="ObjFormatSymbols.h">
      <Filter>Header Files</Filter>
    </ClInclude>
    <ClInclude Include="RegisterStackItem.h">
      <Filter>Header Files</Filter>
    </ClInclude>
    <ClInclude Include="Section.h">
      <Filter>Header Files</Filter>
    </ClInclude>
    <ClInclude Include="Stack.h">
      <Filter>Header Files</Filter>
    </ClInclude>
    <ClInclude Include="StackItem.h">
      <Filter>Header Files</Filter>
    </ClInclude>
    <ClInclude Include="StackSectionItem.h">
      <Filter>Header Files</Filter>
    </ClInclude>
    <ClInclude Include="StackSymbolItem.h">
      <Filter>Header Files</Filter>
    </ClInclude>
    <ClInclude Include="UnResolvedSymbol.h">
      <Filter>Header Files</Filter>
    </ClInclude>
    <ClInclude Include="WhereSymbolIsUsed.h">
      <Filter>Header Files</Filter>
    </ClInclude>
    <ClInclude Include="ConsolApp.h">
      <Filter>Header Files</Filter>
    </ClInclude>
    <ClInclude Include="ActionApp.h">
      <Filter>Header Files</Filter>
    </ClInclude>
  </ItemGroup>
  <ItemGroup>
    <None Include="ActionTestFiles\Test1.act">
      <Filter>Action</Filter>
    </None>
    <None Include="Grammar\Action.gram">
      <Filter>Grammar</Filter>
    </None>
  </ItemGroup>
</Project>